
Microsoft Visual Studio Solution File, Format Version 12.00
Project("{FAE04EC0-301F-11D3-BF4B-00C04F79EFBC}") = "RimSky", "RimSky.csproj", "{D09E3ADC-EF4C-4100-95E1-184EBA43643B}"
EndProject
Project("{FAE04EC0-301F-11D3-BF4B-00C04F79EFBC}") = "RimSky.Tests", "RimSky.Tests\RimSky.Tests.csproj", "{A1B2C3D4-E5F6-47A8-9B0C-1D2E3F4A5B6C}"
EndProject
Global
	GlobalSection(SolutionConfigurationPlatforms) = preSolution
		Debug|Any CPU = Debug|Any CPU
		Release|Any CPU = Release|Any CPU
	EndGlobalSection
	GlobalSection(ProjectConfigurationPlatforms) = postSolution
		{D09E3ADC-EF4C-4100-95E1-184EBA43643B}.Debug|Any CPU.ActiveCfg = Debug|Any CPU
		{D09E3ADC-EF4C-4100-95E1-184EBA43643B}.Debug|Any CPU.Build.0 = Debug|Any CPU
		{D09E3ADC-EF4C-4100-95E1-184EBA43643B}.Release|Any CPU.ActiveCfg = Debug|Any CPU
		{D09E3ADC-EF4C-4100-95E1-184EBA43643B}.Release|Any CPU.Build.0 = Debug|Any CPU
		{A1B2C3D4-E5F6-47A8-9B0C-1D2E3F4A5B6C}.Debug|Any CPU.ActiveCfg = Debug|Any CPU
		{A1B2C3D4-E5F6-47A8-9B0C-1D2E3F4A5B6C}.Debug|Any CPU.Build.0 = Debug|Any CPU
		{A1B2C3D4-E5F6-47A8-9B0C-1D2E3F4A5B6C}.Release|Any CPU.ActiveCfg = Release|Any CPU
		{A1B2C3D4-E5F6-47A8-9B0C-1D2E3F4A5B6C}.Release|Any CPU.Build.0 = Release|Any CPU
	EndGlobalSection
EndGlobal
